{
  "object": {
    "pins": [
      {
        "package": "SampleLib",
        "repositoryURL": "https://github.com/tid-kijyun/SampleLib.git",
        "state": {
          "branch": null,
          "revision": "73b1cf3f3889b57e43b913faf89a7c12d9747361",
          "version": "0.0.2"
        }
      }
    ]
  },
  "version": 1
}
